
Microsoft Visual Studio Solution File, Format Version 12.00
# Visual Studio Version 16
VisualStudioVersion = 16.0.30611.23
MinimumVisualStudioVersion = 10.0.40219.1
Project("{FAE04EC0-301F-11D3-BF4B-00C04F79EFBC}") = "WFReproductorMusica", "WFReproductorMusica\WFReproductorMusica.csproj", "{1CE68766-20BB-4B6D-AED4-E46FE890540B}"
EndProject
Project("{FAE04EC0-301F-11D3-BF4B-00C04F79EFBC}") = "ReproductorVideo", "Proyectos\ReproductorVideo\ReproductorVideo\ReproductorVideo.csproj", "{627AC2A2-56DE-4059-8024-BC2CA446F2C9}"
EndProject
Project("{FAE04EC0-301F-11D3-BF4B-00C04F79EFBC}") = "WinAppMyMusic", "Proyectos\WinAppMyMusic\WinAppMyMusic\WinAppMyMusic.csproj", "{FAA10A40-A803-4652-82D1-C7404D6A8D9E}"
EndProject
Global
	GlobalSection(SolutionConfigurationPlatforms) = preSolution
		Debug|Any CPU = Debug|Any CPU
		Release|Any CPU = Release|Any CPU
	EndGlobalSection
	GlobalSection(ProjectConfigurationPlatforms) = postSolution
		{1CE68766-20BB-4B6D-AED4-E46FE890540B}.Debug|Any CPU.ActiveCfg = Debug|Any CPU
		{1CE68766-20BB-4B6D-AED4-E46FE890540B}.Debug|Any CPU.Build.0 = Debug|Any CPU
		{1CE68766-20BB-4B6D-AED4-E46FE890540B}.Release|Any CPU.ActiveCfg = Release|Any CPU
		{1CE68766-20BB-4B6D-AED4-E46FE890540B}.Release|Any CPU.Build.0 = Release|Any CPU
		{627AC2A2-56DE-4059-8024-BC2CA446F2C9}.Debug|Any CPU.ActiveCfg = Debug|Any CPU
		{627AC2A2-56DE-4059-8024-BC2CA446F2C9}.Debug|Any CPU.Build.0 = Debug|Any CPU
		{627AC2A2-56DE-4059-8024-BC2CA446F2C9}.Release|Any CPU.ActiveCfg = Release|Any CPU
		{627AC2A2-56DE-4059-8024-BC2CA446F2C9}.Release|Any CPU.Build.0 = Release|Any CPU
		{FAA10A40-A803-4652-82D1-C7404D6A8D9E}.Debug|Any CPU.ActiveCfg = Debug|Any CPU
		{FAA10A40-A803-4652-82D1-C7404D6A8D9E}.Debug|Any CPU.Build.0 = Debug|Any CPU
		{FAA10A40-A803-4652-82D1-C7404D6A8D9E}.Release|Any CPU.ActiveCfg = Release|Any CPU
		{FAA10A40-A803-4652-82D1-C7404D6A8D9E}.Release|Any CPU.Build.0 = Release|Any CPU
	EndGlobalSection
	GlobalSection(SolutionProperties) = preSolution
		HideSolutionNode = FALSE
	EndGlobalSection
	GlobalSection(ExtensibilityGlobals) = postSolution
		SolutionGuid = {33729C56-55FA-4528-896A-250AFA645D4E}
	EndGlobalSection
EndGlobal
